
Microsoft Visual Studio Solution File, Format Version 12.00
Project("{FAE04EC0-301F-11D3-BF4B-00C04F79EFBC}") = "CwkSocial.Api", "CwkSocial.Api\CwkSocial.Api.csproj", "{A00E55B0-3420-440F-8B8A-8DA1EC69104E}"
EndProject
Project("{FAE04EC0-301F-11D3-BF4B-00C04F79EFBC}") = "CwkSocial.Domain", "CwkSocial.Domain\CwkSocial.Domain.csproj", "{B09012BD-52DC-43E2-8F9B-A0F244E273BE}"
EndProject
Project("{FAE04EC0-301F-11D3-BF4B-00C04F79EFBC}") = "CwkSocial.Application", "CwkSocial.Application\CwkSocial.Application.csproj", "{2E87C1F0-9019-4168-90A0-8533D1D1072B}"
EndProject
Project("{FAE04EC0-301F-11D3-BF4B-00C04F79EFBC}") = "CwkSocial.DataAccess", "CwkSocial.DataAccess\CwkSocial.DataAccess.csproj", "{800334EB-836C-424B-85A0-CFE3471439B3}"
EndProject
Global
	GlobalSection(SolutionConfigurationPlatforms) = preSolution
		Debug|Any CPU = Debug|Any CPU
		Release|Any CPU = Release|Any CPU
	EndGlobalSection
	GlobalSection(ProjectConfigurationPlatforms) = postSolution
		{A00E55B0-3420-440F-8B8A-8DA1EC69104E}.Debug|Any CPU.ActiveCfg = Debug|Any CPU
		{A00E55B0-3420-440F-8B8A-8DA1EC69104E}.Debug|Any CPU.Build.0 = Debug|Any CPU
		{A00E55B0-3420-440F-8B8A-8DA1EC69104E}.Release|Any CPU.ActiveCfg = Release|Any CPU
		{A00E55B0-3420-440F-8B8A-8DA1EC69104E}.Release|Any CPU.Build.0 = Release|Any CPU
		{B09012BD-52DC-43E2-8F9B-A0F244E273BE}.Debug|Any CPU.ActiveCfg = Debug|Any CPU
		{B09012BD-52DC-43E2-8F9B-A0F244E273BE}.Debug|Any CPU.Build.0 = Debug|Any CPU
		{B09012BD-52DC-43E2-8F9B-A0F244E273BE}.Release|Any CPU.ActiveCfg = Release|Any CPU
		{B09012BD-52DC-43E2-8F9B-A0F244E273BE}.Release|Any CPU.Build.0 = Release|Any CPU
		{2E87C1F0-9019-4168-90A0-8533D1D1072B}.Debug|Any CPU.ActiveCfg = Debug|Any CPU
		{2E87C1F0-9019-4168-90A0-8533D1D1072B}.Debug|Any CPU.Build.0 = Debug|Any CPU
		{2E87C1F0-9019-4168-90A0-8533D1D1072B}.Release|Any CPU.ActiveCfg = Release|Any CPU
		{2E87C1F0-9019-4168-90A0-8533D1D1072B}.Release|Any CPU.Build.0 = Release|Any CPU
		{800334EB-836C-424B-85A0-CFE3471439B3}.Debug|Any CPU.ActiveCfg = Debug|Any CPU
		{800334EB-836C-424B-85A0-CFE3471439B3}.Debug|Any CPU.Build.0 = Debug|Any CPU
		{800334EB-836C-424B-85A0-CFE3471439B3}.Release|Any CPU.ActiveCfg = Release|Any CPU
		{800334EB-836C-424B-85A0-CFE3471439B3}.Release|Any CPU.Build.0 = Release|Any CPU
	EndGlobalSection
EndGlobal
